
Microsoft Visual Studio Solution File, Format Version 12.00
# Visual Studio Version 17
VisualStudioVersion = 17.6.33723.286
MinimumVisualStudioVersion = 10.0.40219.1
Project("{FAE04EC0-301F-11D3-BF4B-00C04F79EFBC}") = "CodeAnalysisApp1", "CodeAnalysisApp1\CodeAnalysisApp1.csproj", "{A04583A3-4E2C-47FD-B2D4-ED99A5A374E4}"
EndProject
Global
	GlobalSection(SolutionConfigurationPlatforms) = preSolution
		Debug|Any CPU = Debug|Any CPU
		Release|Any CPU = Release|Any CPU
	EndGlobalSection
	GlobalSection(ProjectConfigurationPlatforms) = postSolution
		{A04583A3-4E2C-47FD-B2D4-ED99A5A374E4}.Debug|Any CPU.ActiveCfg = Debug|Any CPU
		{A04583A3-4E2C-47FD-B2D4-ED99A5A374E4}.Debug|Any CPU.Build.0 = Debug|Any CPU
		{A04583A3-4E2C-47FD-B2D4-ED99A5A374E4}.Release|Any CPU.ActiveCfg = Release|Any CPU
		{A04583A3-4E2C-47FD-B2D4-ED99A5A374E4}.Release|Any CPU.Build.0 = Release|Any CPU
	EndGlobalSection
	GlobalSection(SolutionProperties) = preSolution
		HideSolutionNode = FALSE
	EndGlobalSection
	GlobalSection(ExtensibilityGlobals) = postSolution
		SolutionGuid = {8F44A0F2-6C8A-43B2-85E3-E0DEE7DBD461}
	EndGlobalSection
EndGlobal
